{
  "version": "5",
  "specifiers": {
    "jsr:@char/justin@~0.3.5": "0.3.5",
    "jsr:@davidbonnet/astring@1.8.6": "1.8.6",
    "jsr:@db/sqlite@0.12": "0.12.0",
    "jsr:@denosaurs/plug@1": "1.1.0",
    "jsr:@std/assert@0.217": "0.217.0",
    "jsr:@std/cli@^1.0.20": "1.0.20",
    "jsr:@std/encoding@1": "1.0.10",
    "jsr:@std/encoding@^1.0.10": "1.0.10",
    "jsr:@std/fmt@1": "1.0.8",
    "jsr:@std/fmt@^1.0.8": "1.0.8",
    "jsr:@std/fs@1": "1.0.18",
    "jsr:@std/fs@^1.0.18": "1.0.18",
    "jsr:@std/html@1.0.3": "1.0.3",
    "jsr:@std/html@^1.0.4": "1.0.4",
    "jsr:@std/http@^1.0.18": "1.0.18",
    "jsr:@std/media-types@^1.1.0": "1.1.0",
    "jsr:@std/net@^1.0.4": "1.0.4",
    "jsr:@std/path@0.217": "0.217.0",
    "jsr:@std/path@1": "1.1.0",
    "jsr:@std/path@1.0.8": "1.0.8",
    "jsr:@std/path@^1.0.9": "1.1.0",
    "jsr:@std/path@^1.1.0": "1.1.0",
    "jsr:@std/streams@^1.0.10": "1.0.10",
    "jsr:@vento/vento@^1.14.0": "1.14.0",
    "npm:@atcute/identity-resolver@^1.1.3": "1.1.3_@atcute+identity@1.0.2",
    "npm:@atcute/identity@^1.0.3": "1.0.3",
    "npm:estree-walker@3.0.3": "3.0.3",
    "npm:marked@^15.0.12": "15.0.12",
    "npm:meriyah@6.0.5": "6.0.5"
  },
  "jsr": {
    "@char/justin@0.3.5": {
      "integrity": "d0eb168c26fa9080479451b281e14bec04a91a0248620c85e9f53a356056fefc"
    },
    "@davidbonnet/astring@1.8.6": {
      "integrity": "98b4914c8863cdf8c0ff83bb5c528caa67a8dca6020ad6234113499f00583e3a"
    },
    "@db/sqlite@0.12.0": {
      "integrity": "dd1ef7f621ad50fc1e073a1c3609c4470bd51edc0994139c5bf9851de7a6d85f",
      "dependencies": [
        "jsr:@denosaurs/plug",
        "jsr:@std/path@0.217"
      ]
    },
    "@denosaurs/plug@1.1.0": {
      "integrity": "eb2f0b7546c7bca2000d8b0282c54d50d91cf6d75cb26a80df25a6de8c4bc044",
      "dependencies": [
        "jsr:@std/encoding@1",
        "jsr:@std/fmt@1",
        "jsr:@std/fs@1",
        "jsr:@std/path@1"
      ]
    },
    "@std/assert@0.217.0": {
      "integrity": "c98e279362ca6982d5285c3b89517b757c1e3477ee9f14eb2fdf80a45aaa9642"
    },
    "@std/cli@1.0.20": {
      "integrity": "a8c384a2c98cec6ec6a2055c273a916e2772485eb784af0db004c5ab8ba52333"
    },
    "@std/encoding@1.0.10": {
      "integrity": "8783c6384a2d13abd5e9e87a7ae0520a30e9f56aeeaa3bdf910a3eaaf5c811a1"
    },
    "@std/fmt@1.0.8": {
      "integrity": "71e1fc498787e4434d213647a6e43e794af4fd393ef8f52062246e06f7e372b7"
    },
    "@std/fs@1.0.17": {
      "integrity": "1c00c632677c1158988ef7a004cb16137f870aafdb8163b9dce86ec652f3952b",
      "dependencies": [
        "jsr:@std/path@^1.0.9"
      ]
    },
    "@std/fs@1.0.18": {
      "integrity": "24bcad99eab1af4fde75e05da6e9ed0e0dce5edb71b7e34baacf86ffe3969f3a",
      "dependencies": [
        "jsr:@std/path@^1.1.0"
      ]
    },
    "@std/html@1.0.3": {
      "integrity": "7a0ac35e050431fb49d44e61c8b8aac1ebd55937e0dc9ec6409aa4bab39a7988"
    },
    "@std/html@1.0.4": {
      "integrity": "eff3497c08164e6ada49b7f81a28b5108087033823153d065e3f89467dd3d50e"
    },
    "@std/http@1.0.18": {
      "integrity": "8d9546aa532c52a0cf318c74616db0638b4c1073405355d1b14f9e1591dccf20",
      "dependencies": [
        "jsr:@std/cli",
        "jsr:@std/encoding@^1.0.10",
        "jsr:@std/fmt@^1.0.8",
        "jsr:@std/fs@^1.0.18",
        "jsr:@std/html@^1.0.4",
        "jsr:@std/media-types",
        "jsr:@std/net",
        "jsr:@std/path@^1.1.0",
        "jsr:@std/streams"
      ]
    },
    "@std/media-types@1.1.0": {
      "integrity": "c9d093f0c05c3512932b330e3cc1fe1d627b301db33a4c2c2185c02471d6eaa4"
    },
    "@std/net@1.0.4": {
      "integrity": "2f403b455ebbccf83d8a027d29c5a9e3a2452fea39bb2da7f2c04af09c8bc852"
    },
    "@std/path@0.217.0": {
      "integrity": "1217cc25534bca9a2f672d7fe7c6f356e4027df400c0e85c0ef3e4343bc67d11",
      "dependencies": [
        "jsr:@std/assert"
      ]
    },
    "@std/path@1.0.8": {
      "integrity": "548fa456bb6a04d3c1a1e7477986b6cffbce95102d0bb447c67c4ee70e0364be"
    },
    "@std/path@1.1.0": {
      "integrity": "ddc94f8e3c275627281cbc23341df6b8bcc874d70374f75fec2533521e3d6886"
    },
    "@std/streams@1.0.10": {
      "integrity": "75c0b1431873cd0d8b3d679015220204d36d3c7420d93b60acfc379eb0dc30af"
    },
    "@vento/vento@1.14.0": {
      "integrity": "59000a01671ace997f37ece4fafaba5c7b1f3e0db92d048dfd996fdbc09fb431",
      "dependencies": [
        "jsr:@davidbonnet/astring",
        "jsr:@std/html@1.0.3",
        "jsr:@std/path@1.0.8",
        "npm:estree-walker",
        "npm:meriyah"
      ]
    }
  },
  "npm": {
    "@atcute/identity-resolver@1.1.3_@atcute+identity@1.0.2": {
      "integrity": "sha512-KZgGgg99CWaV7Df3+h3X/WMrDzTPQVfsaoIVbTNLx2B56BvCL2EmaxPSVw/7BFUJMZHlVU4rtoEB4lyvNyMswA==",
      "dependencies": [
        "@atcute/identity@1.0.2",
        "@atcute/lexicons",
        "@atcute/util-fetch",
        "@badrap/valita"
      ]
    },
    "@atcute/identity@1.0.2": {
      "integrity": "sha512-SrDPHuEarEHj9bx7NfYn7DYG6kIgJIMRU581iOCIaVaiZ1WhE9D8QxTxeYG/rbGNSa85E891ECp1sQcKiBN0kg==",
      "dependencies": [
        "@atcute/lexicons",
        "@badrap/valita"
      ]
    },
    "@atcute/identity@1.0.3": {
      "integrity": "sha512-mNMxbKHFGys03A8JXKk0KfMBzdd0vrYMzZZWjpw1nYTs0+ea6bo5S1hwqVUZxHdo1gFHSe/t63jxQIF4yL9aKw==",
      "dependencies": [
        "@atcute/lexicons",
        "@badrap/valita"
      ]
    },
    "@atcute/lexicons@1.0.4": {
      "integrity": "sha512-VyGJuGKAIeE+71UT9aSMJJdvfxfXsdsGMG9acv9rnGT7enVy4TD5XoYQy7TCHZ4YpxXzuHkqjyAqBz95c4WkRg==",
      "dependencies": [
        "esm-env"
      ]
    },
    "@atcute/util-fetch@1.0.1": {
      "integrity": "sha512-Clc0E/5ufyGBVfYBUwWNlHONlZCoblSr4Ho50l1LhmRPGB1Wu/AQ9Sz+rsBg7fdaW/auve8ulmwhRhnX2cGRow==",
      "dependencies": [
        "@badrap/valita"
      ]
    },
    "@badrap/valita@0.4.5": {
      "integrity": "sha512-4QwGbuhh/JesHRQj79mO/l37PvJj4l/tlAu7+S1n4h47qwaNpZ0WDvIwUGLYUsdi9uQ5UPpiG9wb1Wm3XUFBUQ=="
    },
    "@types/estree@1.0.8": {
      "integrity": "sha512-dWHzHa2WqEXI/O1E9OjrocMTKJl2mSrEolh1Iomrv6U+JuNwaHXsXx9bLu5gG7BUWFIN0skIQJQ/L1rIex4X6w=="
    },
    "esm-env@1.2.2": {
      "integrity": "sha512-Epxrv+Nr/CaL4ZcFGPJIYLWFom+YeV1DqMLHJoEd9SYRxNbaFruBwfEX/kkHUJf55j2+TUbmDcmuilbP1TmXHA=="
    },
    "estree-walker@3.0.3": {
      "integrity": "sha512-7RUKfXgSMMkzt6ZuXmqapOurLGPPfgj6l9uRZ7lRGolvk0y2yocc35LdcxKC5PQZdn2DMqioAQ2NoWcrTKmm6g==",
      "dependencies": [
        "@types/estree"
      ]
    },
    "marked@15.0.12": {
      "integrity": "sha512-8dD6FusOQSrpv9Z1rdNMdlSgQOIP880DHqnohobOmYLElGEqAL/JvxvuxZO16r4HtjTlfPRDC1hbvxC9dPN2nA==",
      "bin": true
    },
    "meriyah@6.0.5": {
      "integrity": "sha512-SrMqQCox7TTwtftWKHy/ZaVe+ZRpRl20pAgDo+PS9hzcAJrMjYsBJQPPiLXTnjztrqdfGS+Zz99r6Bwvydta1w=="
    }
  },
  "remote": {
    "https://char.lt/esm/pipe.ts": "e40365c4d5032fc28d27712c7421248240d0b78b5a5abcd8d46bff1852d5d615"
  },
  "workspace": {
    "dependencies": [
      "jsr:@char/justin@~0.3.5",
      "jsr:@db/sqlite@0.12",
      "jsr:@std/fs@^1.0.18",
      "jsr:@std/http@^1.0.18",
      "jsr:@std/path@^1.1.0",
      "jsr:@vento/vento@^1.14.0",
      "npm:@atcute/identity-resolver@^1.1.3",
      "npm:@atcute/identity@^1.0.3",
      "npm:marked@^15.0.12"
    ]
  }
}
